
Microsoft Visual Studio Solution File, Format Version 12.00
# Visual Studio Version 16
VisualStudioVersion = 16.0.31911.196
MinimumVisualStudioVersion = 10.0.40219.1
Project("{FAE04EC0-301F-11D3-BF4B-00C04F79EFBC}") = "Server", "Server\Server.csproj", "{B092D77B-6E6F-4B35-87BD-BFF9D800734D}"
EndProject
Project("{FAE04EC0-301F-11D3-BF4B-00C04F79EFBC}") = "ServerCore", "ServerCore\ServerCore.csproj", "{9588369D-24E4-4AE4-8C95-A18939E3800B}"
EndProject
Project("{FAE04EC0-301F-11D3-BF4B-00C04F79EFBC}") = "DummyClient", "DummyClient\DummyClient.csproj", "{F41B37F8-D598-4755-80BE-BD99BFA35406}"
EndProject
Global
	GlobalSection(SolutionConfigurationPlatforms) = preSolution
		Debug|Any CPU = Debug|Any CPU
		Release|Any CPU = Release|Any CPU
	EndGlobalSection
	GlobalSection(ProjectConfigurationPlatforms) = postSolution
		{B092D77B-6E6F-4B35-87BD-BFF9D800734D}.Debug|Any CPU.ActiveCfg = Debug|Any CPU
		{B092D77B-6E6F-4B35-87BD-BFF9D800734D}.Debug|Any CPU.Build.0 = Debug|Any CPU
		{B092D77B-6E6F-4B35-87BD-BFF9D800734D}.Release|Any CPU.ActiveCfg = Release|Any CPU
		{B092D77B-6E6F-4B35-87BD-BFF9D800734D}.Release|Any CPU.Build.0 = Release|Any CPU
		{9588369D-24E4-4AE4-8C95-A18939E3800B}.Debug|Any CPU.ActiveCfg = Debug|Any CPU
		{9588369D-24E4-4AE4-8C95-A18939E3800B}.Debug|Any CPU.Build.0 = Debug|Any CPU
		{9588369D-24E4-4AE4-8C95-A18939E3800B}.Release|Any CPU.ActiveCfg = Release|Any CPU
		{9588369D-24E4-4AE4-8C95-A18939E3800B}.Release|Any CPU.Build.0 = Release|Any CPU
		{F41B37F8-D598-4755-80BE-BD99BFA35406}.Debug|Any CPU.ActiveCfg = Debug|Any CPU
		{F41B37F8-D598-4755-80BE-BD99BFA35406}.Debug|Any CPU.Build.0 = Debug|Any CPU
		{F41B37F8-D598-4755-80BE-BD99BFA35406}.Release|Any CPU.ActiveCfg = Release|Any CPU
		{F41B37F8-D598-4755-80BE-BD99BFA35406}.Release|Any CPU.Build.0 = Release|Any CPU
	EndGlobalSection
	GlobalSection(SolutionProperties) = preSolution
		HideSolutionNode = FALSE
	EndGlobalSection
	GlobalSection(ExtensibilityGlobals) = postSolution
		SolutionGuid = {CB2BD5F7-E0C1-42A8-B5A5-30F01B910B3F}
	EndGlobalSection
EndGlobal
